
Microsoft Visual Studio Solution File, Format Version 12.00
# Visual Studio Version 17
VisualStudioVersion = 17.13.35825.156 d17.13
MinimumVisualStudioVersion = 10.0.40219.1
Project("{FAE04EC0-301F-11D3-BF4B-00C04F79EFBC}") = "QuizGame", "QuizGame\QuizGame.csproj", "{B78C795A-048E-48D4-B266-76B199EE5094}"
EndProject
Global
	GlobalSection(SolutionConfigurationPlatforms) = preSolution
		Debug|Any CPU = Debug|Any CPU
		Release|Any CPU = Release|Any CPU
	EndGlobalSection
	GlobalSection(ProjectConfigurationPlatforms) = postSolution
		{B78C795A-048E-48D4-B266-76B199EE5094}.Debug|Any CPU.ActiveCfg = Debug|Any CPU
		{B78C795A-048E-48D4-B266-76B199EE5094}.Debug|Any CPU.Build.0 = Debug|Any CPU
		{B78C795A-048E-48D4-B266-76B199EE5094}.Release|Any CPU.ActiveCfg = Release|Any CPU
		{B78C795A-048E-48D4-B266-76B199EE5094}.Release|Any CPU.Build.0 = Release|Any CPU
	EndGlobalSection
	GlobalSection(SolutionProperties) = preSolution
		HideSolutionNode = FALSE
	EndGlobalSection
	GlobalSection(ExtensibilityGlobals) = postSolution
		SolutionGuid = {B66DC3CD-54AF-4ACB-9A74-EA94E5D78B6E}
	EndGlobalSection
EndGlobal
